
Microsoft Visual Studio Solution File, Format Version 11.00
# Visual Studio 2010
Project("{2150E333-8FDC-42A3-9474-1A3956D46DE8}") = "Solution items", "Solution items", "{0559B328-68A3-4251-9C7C-8D626442C80F}"
	ProjectSection(SolutionItems) = preProject
		..\..\dotpeek\JetBrains.ActionManagement.resources.Schema.Actions.xsd = ..\..\dotpeek\JetBrains.ActionManagement.resources.Schema.Actions.xsd
	EndProjectSection
EndProject
Project("{FAE04EC0-301F-11D3-BF4B-00C04F79EFBC}") = "BamlFromResource", "BamlFromResource\BamlFromResource.csproj", "{F027699B-DDE1-416E-B8B9-9A2E7216C567}"
EndProject
Global
	GlobalSection(SolutionConfigurationPlatforms) = preSolution
		Debug|Any CPU = Debug|Any CPU
		Release|Any CPU = Release|Any CPU
	EndGlobalSection
	GlobalSection(ProjectConfigurationPlatforms) = postSolution
		{F027699B-DDE1-416E-B8B9-9A2E7216C567}.Debug|Any CPU.ActiveCfg = Debug|Any CPU
		{F027699B-DDE1-416E-B8B9-9A2E7216C567}.Debug|Any CPU.Build.0 = Debug|Any CPU
		{F027699B-DDE1-416E-B8B9-9A2E7216C567}.Release|Any CPU.ActiveCfg = Release|Any CPU
		{F027699B-DDE1-416E-B8B9-9A2E7216C567}.Release|Any CPU.Build.0 = Release|Any CPU
	EndGlobalSection
	GlobalSection(SolutionProperties) = preSolution
		HideSolutionNode = FALSE
	EndGlobalSection
EndGlobal
